
Microsoft Visual Studio Solution File, Format Version 12.00
# Visual Studio Version 17
VisualStudioVersion = 17.4.33110.190
MinimumVisualStudioVersion = 10.0.40219.1
Project("{9A19103F-16F7-4668-BE54-9A1E7A4F7556}") = "MarsRovers_Assessment", "MarsRovers_Assessment\MarsRovers_Assessment.csproj", "{64A38AD1-4DFD-4D60-A153-D8FFFECDCD0B}"
EndProject
Project("{FAE04EC0-301F-11D3-BF4B-00C04F79EFBC}") = "MarsRovers.Tests", "MarsRovers.Tests\MarsRovers.Tests.csproj", "{C71F9334-C19F-4E1E-B3DE-6BCC27BD74C8}"
EndProject
Global
	GlobalSection(SolutionConfigurationPlatforms) = preSolution
		Debug|Any CPU = Debug|Any CPU
		Release|Any CPU = Release|Any CPU
	EndGlobalSection
	GlobalSection(ProjectConfigurationPlatforms) = postSolution
		{64A38AD1-4DFD-4D60-A153-D8FFFECDCD0B}.Debug|Any CPU.ActiveCfg = Debug|Any CPU
		{64A38AD1-4DFD-4D60-A153-D8FFFECDCD0B}.Debug|Any CPU.Build.0 = Debug|Any CPU
		{64A38AD1-4DFD-4D60-A153-D8FFFECDCD0B}.Release|Any CPU.ActiveCfg = Release|Any CPU
		{64A38AD1-4DFD-4D60-A153-D8FFFECDCD0B}.Release|Any CPU.Build.0 = Release|Any CPU
		{C71F9334-C19F-4E1E-B3DE-6BCC27BD74C8}.Debug|Any CPU.ActiveCfg = Debug|Any CPU
		{C71F9334-C19F-4E1E-B3DE-6BCC27BD74C8}.Debug|Any CPU.Build.0 = Debug|Any CPU
		{C71F9334-C19F-4E1E-B3DE-6BCC27BD74C8}.Release|Any CPU.ActiveCfg = Release|Any CPU
		{C71F9334-C19F-4E1E-B3DE-6BCC27BD74C8}.Release|Any CPU.Build.0 = Release|Any CPU
	EndGlobalSection
	GlobalSection(SolutionProperties) = preSolution
		HideSolutionNode = FALSE
	EndGlobalSection
	GlobalSection(ExtensibilityGlobals) = postSolution
		SolutionGuid = {D234AB8B-7B58-4135-9ED5-74F2BE18D897}
	EndGlobalSection
EndGlobal
